
Microsoft Visual Studio Solution File, Format Version 12.00
# Visual Studio 15
VisualStudioVersion = 15.0.28010.2050
MinimumVisualStudioVersion = 10.0.40219.1
Project("{8BC9CEB8-8B4A-11D0-8D11-00A0C91BC942}") = "Pineapples", "Pineapples.vcxproj", "{2AA3987A-FD40-4CF8-91F3-F0A4099BF748}"
EndProject
Global
	GlobalSection(SolutionConfigurationPlatforms) = preSolution
		Debug|x64 = Debug|x64
		Debug|x86 = Debug|x86
		Release|x64 = Release|x64
		Release|x86 = Release|x86
	EndGlobalSection
	GlobalSection(ProjectConfigurationPlatforms) = postSolution
		{2AA3987A-FD40-4CF8-91F3-F0A4099BF748}.Debug|x64.ActiveCfg = Debug|x64
		{2AA3987A-FD40-4CF8-91F3-F0A4099BF748}.Debug|x64.Build.0 = Debug|x64
		{2AA3987A-FD40-4CF8-91F3-F0A4099BF748}.Debug|x86.ActiveCfg = Debug|Win32
		{2AA3987A-FD40-4CF8-91F3-F0A4099BF748}.Debug|x86.Build.0 = Debug|Win32
		{2AA3987A-FD40-4CF8-91F3-F0A4099BF748}.Release|x64.ActiveCfg = Release|x64
		{2AA3987A-FD40-4CF8-91F3-F0A4099BF748}.Release|x64.Build.0 = Release|x64
		{2AA3987A-FD40-4CF8-91F3-F0A4099BF748}.Release|x86.ActiveCfg = Debug|Win32
		{2AA3987A-FD40-4CF8-91F3-F0A4099BF748}.Release|x86.Build.0 = Debug|Win32
	EndGlobalSection
	GlobalSection(SolutionProperties) = preSolution
		HideSolutionNode = FALSE
	EndGlobalSection
	GlobalSection(ExtensibilityGlobals) = postSolution
		SolutionGuid = {E6EAA478-3E5E-4481-B9DC-66AAC084B12C}
	EndGlobalSection
EndGlobal
